PODS:
  - SimpleLayout-Swift (1.0.0)

DEPENDENCIES:
  - SimpleLayout-Swift (from `../`)

EXTERNAL SOURCES:
  SimpleLayout-Swift:
    :path: ../

SPEC CHECKSUMS:
  SimpleLayout-Swift: 240355363e01df1b9afb6dffb78b04cbec015a3c

PODFILE CHECKSUM: 0909b023abc0916cf112668adfedbdc8ed296598

COCOAPODS: 1.2.1
