PODS:
  - SimpleLayout-Swift (1.0.2)

DEPENDENCIES:
  - SimpleLayout-Swift (from `../`)

EXTERNAL SOURCES:
  SimpleLayout-Swift:
    :path: "../"

SPEC CHECKSUMS:
  SimpleLayout-Swift: c6c9eff9da2d7e41e64f484a516608f3cb073958

PODFILE CHECKSUM: 0909b023abc0916cf112668adfedbdc8ed296598

COCOAPODS: 1.5.3
