PODS:
  - SimpleLayout-Swift (1.1.0)

DEPENDENCIES:
  - SimpleLayout-Swift (from `../`)

EXTERNAL SOURCES:
  SimpleLayout-Swift:
    :path: "../"

SPEC CHECKSUMS:
  SimpleLayout-Swift: 729abccdd3d2befc27966f0c60a64d7ae6e46ddc

PODFILE CHECKSUM: 0909b023abc0916cf112668adfedbdc8ed296598

COCOAPODS: 1.7.5
